{
  "name": "vanillajs",
  "version": "1.0.0",
  "lockfileVersion": 2,
  "requires": true,
  "packages": {
    "": {
      "version": "1.0.0",
      "license": "MIT",
      "dependencies": {
        "esbuild": "^0.8.53"
      }
    },
    "node_modules/esbuild": {
      "version": "0.8.53",
      "resolved": "https://registry.npmjs.org/esbuild/-/esbuild-0.8.53.tgz",
      "integrity": "sha512-GIaYGdMukH58hu+lf07XWAeESBYFAsz8fXnrylHDCbBXKOSNtFmoYA8PhSeSF+3/qzeJ0VjzV9AkLURo5yfu3g==",
      "hasInstallScript": true,
      "bin": {
        "esbuild": "bin/esbuild"
      }
    }
  },
  "dependencies": {
    "esbuild": {
      "version": "0.8.53",
      "resolved": "https://registry.npmjs.org/esbuild/-/esbuild-0.8.53.tgz",
      "integrity": "sha512-GIaYGdMukH58hu+lf07XWAeESBYFAsz8fXnrylHDCbBXKOSNtFmoYA8PhSeSF+3/qzeJ0VjzV9AkLURo5yfu3g=="
    }
  }
}
